
Microsoft Visual Studio Solution File, Format Version 12.00
# Visual Studio Version 16
VisualStudioVersion = 16.0.30104.148
MinimumVisualStudioVersion = 10.0.40219.1
Project("{9A19103F-16F7-4668-BE54-9A1E7A4F7556}") = "Amazon", "Amazon.csproj", "{CFFB48BA-0830-4B8E-9F03-F7370D8B6955}"
EndProject
Global
	GlobalSection(SolutionConfigurationPlatforms) = preSolution
		Debug|Any CPU = Debug|Any CPU
		Release|Any CPU = Release|Any CPU
	EndGlobalSection
	GlobalSection(ProjectConfigurationPlatforms) = postSolution
		{CFFB48BA-0830-4B8E-9F03-F7370D8B6955}.Debug|Any CPU.ActiveCfg = Debug|Any CPU
		{CFFB48BA-0830-4B8E-9F03-F7370D8B6955}.Debug|Any CPU.Build.0 = Debug|Any CPU
		{CFFB48BA-0830-4B8E-9F03-F7370D8B6955}.Release|Any CPU.ActiveCfg = Release|Any CPU
		{CFFB48BA-0830-4B8E-9F03-F7370D8B6955}.Release|Any CPU.Build.0 = Release|Any CPU
	EndGlobalSection
	GlobalSection(SolutionProperties) = preSolution
		HideSolutionNode = FALSE
	EndGlobalSection
	GlobalSection(ExtensibilityGlobals) = postSolution
		SolutionGuid = {34D409CD-9673-43E9-A534-82F40DAB6405}
	EndGlobalSection
EndGlobal
